{
  "lockfileVersion": 1,
  "workspaces": {
    "": {
      "name": "opencode-bench",
      "dependencies": {
        "@ai-sdk/anthropic": "^2.0.26",
        "@ai-sdk/openai": "^2.0.48",
        "@ai-sdk/openai-compatible": "^1.0.21",
        "@openai/codex-sdk": "^0.47.0",
        "@opencode-ai/sdk": "^0.15.8",
        "ai": "^5.0.64",
        "detect-port": "^2.1.0",
        "octokit": "^4.0.0",
        "yaml": "^2.4.5",
        "zod": "^3.23.8",
      },
      "devDependencies": {
        "@types/node": "^20.12.7",
        "bun-types": "^1.3.0",
        "typescript": "^5.4.0",
      },
    },
  },
  "packages": {
    "@ai-sdk/anthropic": ["@ai-sdk/anthropic@2.0.26", "", { "dependencies": { "@ai-sdk/provider": "2.0.0", "@ai-sdk/provider-utils": "3.0.12" }, "peerDependencies": { "zod": "^3.25.76 || ^4.1.8" } }, "sha512-3x5auD0QawamLE125Kcr/VOeULPtrJRgORYvmf4rj22xp4gnYJOJrnthEXhmiDlrj1odr5KPA4+JHF/BhsbeWw=="],

    "@ai-sdk/gateway": ["@ai-sdk/gateway@1.0.35", "", { "dependencies": { "@ai-sdk/provider": "2.0.0", "@ai-sdk/provider-utils": "3.0.11", "@vercel/oidc": "3.0.2" }, "peerDependencies": { "zod": "^3.25.76 || ^4.1.8" } }, "sha512-cdsXbeRRMi6QxbZscin69Asx2fi0d2TmmPngcPFUMpZbchGEBiJYVNvIfiALKFKXEq0l/w0xGNV3E13vroaleA=="],

    "@ai-sdk/openai": ["@ai-sdk/openai@2.0.48", "", { "dependencies": { "@ai-sdk/provider": "2.0.0", "@ai-sdk/provider-utils": "3.0.12" }, "peerDependencies": { "zod": "^3.25.76 || ^4.1.8" } }, "sha512-dIGOVtHaScTNIQzxkE4I8T5PpoutFWxonR/awdRz+5sCpoO7V2kVL44+X6piJbQIMdFYUK/h+HTX3+BjTbRHmw=="],

    "@ai-sdk/openai-compatible": ["@ai-sdk/openai-compatible@1.0.21", "", { "dependencies": { "@ai-sdk/provider": "2.0.0", "@ai-sdk/provider-utils": "3.0.12" }, "peerDependencies": { "zod": "^3.25.76 || ^4.1.8" } }, "sha512-8ea/ltVwcsbs/m2tlJwAzGML2BGdauTEarSA3lSktAN3fQMtZhqFHCoUJ02cPiUW+tooPj9EPJr8ScwYiogVBQ=="],

    "@ai-sdk/provider": ["@ai-sdk/provider@2.0.0", "", { "dependencies": { "json-schema": "^0.4.0" } }, "sha512-6o7Y2SeO9vFKB8lArHXehNuusnpddKPk7xqL7T2/b+OvXMRIXUO1rR4wcv1hAFUAT9avGZshty3Wlua/XA7TvA=="],

    "@ai-sdk/provider-utils": ["@ai-sdk/provider-utils@3.0.12", "", { "dependencies": { "@ai-sdk/provider": "2.0.0", "@standard-schema/spec": "^1.0.0", "eventsource-parser": "^3.0.5" }, "peerDependencies": { "zod": "^3.25.76 || ^4.1.8" } }, "sha512-ZtbdvYxdMoria+2SlNarEk6Hlgyf+zzcznlD55EAl+7VZvJaSg2sqPvwArY7L6TfDEDJsnCq0fdhBSkYo0Xqdg=="],

    "@octokit/app": ["@octokit/app@15.1.6", "", { "dependencies": { "@octokit/auth-app": "^7.2.1", "@octokit/auth-unauthenticated": "^6.1.3", "@octokit/core": "^6.1.5", "@octokit/oauth-app": "^7.1.6", "@octokit/plugin-paginate-rest": "^12.0.0", "@octokit/types": "^14.0.0", "@octokit/webhooks": "^13.6.1" } }, "sha512-WELCamoCJo9SN0lf3SWZccf68CF0sBNPQuLYmZ/n87p5qvBJDe9aBtr5dHkh7T9nxWZ608pizwsUbypSzZAiUw=="],

    "@octokit/auth-app": ["@octokit/auth-app@7.2.2", "", { "dependencies": { "@octokit/auth-oauth-app": "^8.1.4", "@octokit/auth-oauth-user": "^5.1.4", "@octokit/request": "^9.2.3", "@octokit/request-error": "^6.1.8", "@octokit/types": "^14.0.0", "toad-cache": "^3.7.0", "universal-github-app-jwt": "^2.2.0", "universal-user-agent": "^7.0.0" } }, "sha512-p6hJtEyQDCJEPN9ijjhEC/kpFHMHN4Gca9r+8S0S8EJi7NaWftaEmexjxxpT1DFBeJpN4u/5RE22ArnyypupJw=="],

    "@octokit/auth-oauth-app": ["@octokit/auth-oauth-app@8.1.4", "", { "dependencies": { "@octokit/auth-oauth-device": "^7.1.5", "@octokit/auth-oauth-user": "^5.1.4", "@octokit/request": "^9.2.3", "@octokit/types": "^14.0.0", "universal-user-agent": "^7.0.0" } }, "sha512-71iBa5SflSXcclk/OL3lJzdt4iFs56OJdpBGEBl1wULp7C58uiswZLV6TdRaiAzHP1LT8ezpbHlKuxADb+4NkQ=="],

    "@octokit/auth-oauth-device": ["@octokit/auth-oauth-device@7.1.5", "", { "dependencies": { "@octokit/oauth-methods": "^5.1.5", "@octokit/request": "^9.2.3", "@octokit/types": "^14.0.0", "universal-user-agent": "^7.0.0" } }, "sha512-lR00+k7+N6xeECj0JuXeULQ2TSBB/zjTAmNF2+vyGPDEFx1dgk1hTDmL13MjbSmzusuAmuJD8Pu39rjp9jH6yw=="],

    "@octokit/auth-oauth-user": ["@octokit/auth-oauth-user@5.1.6", "", { "dependencies": { "@octokit/auth-oauth-device": "^7.1.5", "@octokit/oauth-methods": "^5.1.5", "@octokit/request": "^9.2.3", "@octokit/types": "^14.0.0", "universal-user-agent": "^7.0.0" } }, "sha512-/R8vgeoulp7rJs+wfJ2LtXEVC7pjQTIqDab7wPKwVG6+2v/lUnCOub6vaHmysQBbb45FknM3tbHW8TOVqYHxCw=="],

    "@octokit/auth-token": ["@octokit/auth-token@5.1.2", "", {}, "sha512-JcQDsBdg49Yky2w2ld20IHAlwr8d/d8N6NiOXbtuoPCqzbsiJgF633mVUw3x4mo0H5ypataQIX7SFu3yy44Mpw=="],

    "@octokit/auth-unauthenticated": ["@octokit/auth-unauthenticated@6.1.3", "", { "dependencies": { "@octokit/request-error": "^6.1.8", "@octokit/types": "^14.0.0" } }, "sha512-d5gWJla3WdSl1yjbfMpET+hUSFCE15qM0KVSB0H1shyuJihf/RL1KqWoZMIaonHvlNojkL9XtLFp8QeLe+1iwA=="],

    "@octokit/core": ["@octokit/core@6.1.6", "", { "dependencies": { "@octokit/auth-token": "^5.0.0", "@octokit/graphql": "^8.2.2", "@octokit/request": "^9.2.3", "@octokit/request-error": "^6.1.8", "@octokit/types": "^14.0.0", "before-after-hook": "^3.0.2", "universal-user-agent": "^7.0.0" } }, "sha512-kIU8SLQkYWGp3pVKiYzA5OSaNF5EE03P/R8zEmmrG6XwOg5oBjXyQVVIauQ0dgau4zYhpZEhJrvIYt6oM+zZZA=="],

    "@octokit/endpoint": ["@octokit/endpoint@10.1.4", "", { "dependencies": { "@octokit/types": "^14.0.0", "universal-user-agent": "^7.0.2" } }, "sha512-OlYOlZIsfEVZm5HCSR8aSg02T2lbUWOsCQoPKfTXJwDzcHQBrVBGdGXb89dv2Kw2ToZaRtudp8O3ZIYoaOjKlA=="],

    "@octokit/graphql": ["@octokit/graphql@8.2.2", "", { "dependencies": { "@octokit/request": "^9.2.3", "@octokit/types": "^14.0.0", "universal-user-agent": "^7.0.0" } }, "sha512-Yi8hcoqsrXGdt0yObxbebHXFOiUA+2v3n53epuOg1QUgOB6c4XzvisBNVXJSl8RYA5KrDuSL2yq9Qmqe5N0ryA=="],

    "@octokit/oauth-app": ["@octokit/oauth-app@7.1.6", "", { "dependencies": { "@octokit/auth-oauth-app": "^8.1.3", "@octokit/auth-oauth-user": "^5.1.3", "@octokit/auth-unauthenticated": "^6.1.2", "@octokit/core": "^6.1.4", "@octokit/oauth-authorization-url": "^7.1.1", "@octokit/oauth-methods": "^5.1.4", "@types/aws-lambda": "^8.10.83", "universal-user-agent": "^7.0.0" } }, "sha512-OMcMzY2WFARg80oJNFwWbY51TBUfLH4JGTy119cqiDawSFXSIBujxmpXiKbGWQlvfn0CxE6f7/+c6+Kr5hI2YA=="],

    "@octokit/oauth-authorization-url": ["@octokit/oauth-authorization-url@7.1.1", "", {}, "sha512-ooXV8GBSabSWyhLUowlMIVd9l1s2nsOGQdlP2SQ4LnkEsGXzeCvbSbCPdZThXhEFzleGPwbapT0Sb+YhXRyjCA=="],

    "@octokit/oauth-methods": ["@octokit/oauth-methods@5.1.5", "", { "dependencies": { "@octokit/oauth-authorization-url": "^7.0.0", "@octokit/request": "^9.2.3", "@octokit/request-error": "^6.1.8", "@octokit/types": "^14.0.0" } }, "sha512-Ev7K8bkYrYLhoOSZGVAGsLEscZQyq7XQONCBBAl2JdMg7IT3PQn/y8P0KjloPoYpI5UylqYrLeUcScaYWXwDvw=="],

    "@octokit/openapi-types": ["@octokit/openapi-types@25.1.0", "", {}, "sha512-idsIggNXUKkk0+BExUn1dQ92sfysJrje03Q0bv0e+KPLrvyqZF8MnBpFz8UNfYDwB3Ie7Z0TByjWfzxt7vseaA=="],

    "@octokit/openapi-webhooks-types": ["@octokit/openapi-webhooks-types@11.0.0", "", {}, "sha512-ZBzCFj98v3SuRM7oBas6BHZMJRadlnDoeFfvm1olVxZnYeU6Vh97FhPxyS5aLh5pN51GYv2I51l/hVUAVkGBlA=="],

    "@octokit/plugin-paginate-graphql": ["@octokit/plugin-paginate-graphql@5.2.4", "", { "peerDependencies": { "@octokit/core": ">=6" } }, "sha512-pLZES1jWaOynXKHOqdnwZ5ULeVR6tVVCMm+AUbp0htdcyXDU95WbkYdU4R2ej1wKj5Tu94Mee2Ne0PjPO9cCyA=="],

    "@octokit/plugin-paginate-rest": ["@octokit/plugin-paginate-rest@12.0.0", "", { "dependencies": { "@octokit/types": "^14.0.0" }, "peerDependencies": { "@octokit/core": ">=6" } }, "sha512-MPd6WK1VtZ52lFrgZ0R2FlaoiWllzgqFHaSZxvp72NmoDeZ0m8GeJdg4oB6ctqMTYyrnDYp592Xma21mrgiyDA=="],

    "@octokit/plugin-rest-endpoint-methods": ["@octokit/plugin-rest-endpoint-methods@14.0.0", "", { "dependencies": { "@octokit/types": "^14.0.0" }, "peerDependencies": { "@octokit/core": ">=6" } }, "sha512-iQt6ovem4b7zZYZQtdv+PwgbL5VPq37th1m2x2TdkgimIDJpsi2A6Q/OI/23i/hR6z5mL0EgisNR4dcbmckSZQ=="],

    "@octokit/plugin-retry": ["@octokit/plugin-retry@7.2.1", "", { "dependencies": { "@octokit/request-error": "^6.1.8", "@octokit/types": "^14.0.0", "bottleneck": "^2.15.3" }, "peerDependencies": { "@octokit/core": ">=6" } }, "sha512-wUc3gv0D6vNHpGxSaR3FlqJpTXGWgqmk607N9L3LvPL4QjaxDgX/1nY2mGpT37Khn+nlIXdljczkRnNdTTV3/A=="],

    "@octokit/plugin-throttling": ["@octokit/plugin-throttling@10.0.0", "", { "dependencies": { "@octokit/types": "^14.0.0", "bottleneck": "^2.15.3" }, "peerDependencies": { "@octokit/core": "^6.1.3" } }, "sha512-Kuq5/qs0DVYTHZuBAzCZStCzo2nKvVRo/TDNhCcpC2TKiOGz/DisXMCvjt3/b5kr6SCI1Y8eeeJTHBxxpFvZEg=="],

    "@octokit/request": ["@octokit/request@9.2.4", "", { "dependencies": { "@octokit/endpoint": "^10.1.4", "@octokit/request-error": "^6.1.8", "@octokit/types": "^14.0.0", "fast-content-type-parse": "^2.0.0", "universal-user-agent": "^7.0.2" } }, "sha512-q8ybdytBmxa6KogWlNa818r0k1wlqzNC+yNkcQDECHvQo8Vmstrg18JwqJHdJdUiHD2sjlwBgSm9kHkOKe2iyA=="],

    "@octokit/request-error": ["@octokit/request-error@6.1.8", "", { "dependencies": { "@octokit/types": "^14.0.0" } }, "sha512-WEi/R0Jmq+IJKydWlKDmryPcmdYSVjL3ekaiEL1L9eo1sUnqMJ+grqmC9cjk7CA7+b2/T397tO5d8YLOH3qYpQ=="],

    "@octokit/types": ["@octokit/types@14.1.0", "", { "dependencies": { "@octokit/openapi-types": "^25.1.0" } }, "sha512-1y6DgTy8Jomcpu33N+p5w58l6xyt55Ar2I91RPiIA0xCJBXyUAhXCcmZaDWSANiha7R9a6qJJ2CRomGPZ6f46g=="],

    "@octokit/webhooks": ["@octokit/webhooks@13.9.1", "", { "dependencies": { "@octokit/openapi-webhooks-types": "11.0.0", "@octokit/request-error": "^6.1.7", "@octokit/webhooks-methods": "^5.1.1" } }, "sha512-Nss2b4Jyn4wB3EAqAPJypGuCJFalz/ZujKBQQ5934To7Xw9xjf4hkr/EAByxQY7hp7MKd790bWGz7XYSTsHmaw=="],

    "@octokit/webhooks-methods": ["@octokit/webhooks-methods@5.1.1", "", {}, "sha512-NGlEHZDseJTCj8TMMFehzwa9g7On4KJMPVHDSrHxCQumL6uSQR8wIkP/qesv52fXqV1BPf4pTxwtS31ldAt9Xg=="],

    "@openai/codex-sdk": ["@openai/codex-sdk@0.47.0", "", {}, "sha512-GFmF0C7wkmX10omICL/5Gm1w+BvZtc41Rwuv7/pVO47ZbSq+9bJqn0XUpwoyrYQavg+BsKSuJAo9CYCn9JhkZA=="],

    "@opencode-ai/sdk": ["@opencode-ai/sdk@0.15.8", "", {}, "sha512-ByVxprn5EQl3voi89em+D0SXtKsy6Pj+JVyUiOPoLPcLc/7IIHPu+C2isM5ePtN0VR0+ztPx7a+m36NDTwoSCA=="],

    "@opentelemetry/api": ["@opentelemetry/api@1.9.0", "", {}, "sha512-3giAOQvZiH5F9bMlMiv8+GSPMeqg0dbaeo58/0SlA9sxSqZhnUtxzX9/2FzyhS9sWQf5S0GJE0AKBrFqjpeYcg=="],

    "@standard-schema/spec": ["@standard-schema/spec@1.0.0", "", {}, "sha512-m2bOd0f2RT9k8QJx1JN85cZYyH1RqFBdlwtkSlf4tBDYLCiiZnv1fIIwacK6cqwXavOydf0NPToMQgpKq+dVlA=="],

    "@types/aws-lambda": ["@types/aws-lambda@8.10.156", "", {}, "sha512-LElQP+QliVWykC7OF8dNr04z++HJCMO2lF7k9HuKoSDARqhcjHq8MzbrRwujCSDeBHIlvaimbuY/tVZL36KXFQ=="],

    "@types/node": ["@types/node@20.19.19", "", { "dependencies": { "undici-types": "~6.21.0" } }, "sha512-pb1Uqj5WJP7wrcbLU7Ru4QtA0+3kAXrkutGiD26wUKzSMgNNaPARTUDQmElUXp64kh3cWdou3Q0C7qwwxqSFmg=="],

    "@types/react": ["@types/react@19.2.2", "", { "dependencies": { "csstype": "^3.0.2" } }, "sha512-6mDvHUFSjyT2B2yeNx2nUgMxh9LtOWvkhIU3uePn2I2oyNymUAX1NIsdgviM4CH+JSrp2D2hsMvJOkxY+0wNRA=="],

    "@vercel/oidc": ["@vercel/oidc@3.0.2", "", {}, "sha512-JekxQ0RApo4gS4un/iMGsIL1/k4KUBe3HmnGcDvzHuFBdQdudEJgTqcsJC7y6Ul4Yw5CeykgvQbX2XeEJd0+DA=="],

    "address": ["address@2.0.3", "", {}, "sha512-XNAb/a6TCqou+TufU8/u11HCu9x1gYvOoxLwtlXgIqmkrYQADVv6ljyW2zwiPhHz9R1gItAWpuDrdJMmrOBFEA=="],

    "ai": ["ai@5.0.64", "", { "dependencies": { "@ai-sdk/gateway": "1.0.35", "@ai-sdk/provider": "2.0.0", "@ai-sdk/provider-utils": "3.0.11", "@opentelemetry/api": "1.9.0" }, "peerDependencies": { "zod": "^3.25.76 || ^4.1.8" } }, "sha512-a7H1z2Xz6NQdgx+FIdDlkenoPYBbxbmJSbRfnOFnYS1S1XraiHT8M85hLvz8d8zlxVtSSjiP+c4EjqwtAe72cg=="],

    "before-after-hook": ["before-after-hook@3.0.2", "", {}, "sha512-Nik3Sc0ncrMK4UUdXQmAnRtzmNQTAAXmXIopizwZ1W1t8QmfJj+zL4OA2I7XPTPW5z5TDqv4hRo/JzouDJnX3A=="],

    "bottleneck": ["bottleneck@2.19.5", "", {}, "sha512-VHiNCbI1lKdl44tGrhNfU3lup0Tj/ZBMJB5/2ZbNXRCPuRCO7ed2mgcK4r17y+KB2EfuYuRaVlwNbAeaWGSpbw=="],

    "bun-types": ["bun-types@1.3.0", "", { "dependencies": { "@types/node": "*" }, "peerDependencies": { "@types/react": "^19" } }, "sha512-u8X0thhx+yJ0KmkxuEo9HAtdfgCBaM/aI9K90VQcQioAmkVp3SG3FkwWGibUFz3WdXAdcsqOcbU40lK7tbHdkQ=="],

    "csstype": ["csstype@3.1.3", "", {}, "sha512-M1uQkMl8rQK/szD0LNhtqxIPLpimGm8sOBwU7lLnCpSbTyY3yeU1Vc7l4KT5zT4s/yOxHH5O7tIuuLOCnLADRw=="],

    "detect-port": ["detect-port@2.1.0", "", { "dependencies": { "address": "^2.0.1" }, "bin": { "detect": "dist/commonjs/bin/detect-port.js", "detect-port": "dist/commonjs/bin/detect-port.js" } }, "sha512-epZuWb/6Q62L+nDHJc/hQAqf8pylsqgk3BpZXVBx1CDnr3nkrVNn73Uu1rXcFzkNcc+hkP3whuOg7JZYaQB65Q=="],

    "eventsource-parser": ["eventsource-parser@3.0.6", "", {}, "sha512-Vo1ab+QXPzZ4tCa8SwIHJFaSzy4R6SHf7BY79rFBDf0idraZWAkYrDjDj8uWaSm3S2TK+hJ7/t1CEmZ7jXw+pg=="],

    "fast-content-type-parse": ["fast-content-type-parse@2.0.1", "", {}, "sha512-nGqtvLrj5w0naR6tDPfB4cUmYCqouzyQiz6C5y/LtcDllJdrcc6WaWW6iXyIIOErTa/XRybj28aasdn4LkVk6Q=="],

    "json-schema": ["json-schema@0.4.0", "", {}, "sha512-es94M3nTIfsEPisRafak+HDLfHXnKBhV3vU5eqPcS3flIWqcxJWgXHXiey3YrpaNsanY5ei1VoYEbOzijuq9BA=="],

    "octokit": ["octokit@4.1.4", "", { "dependencies": { "@octokit/app": "^15.1.6", "@octokit/core": "^6.1.5", "@octokit/oauth-app": "^7.1.6", "@octokit/plugin-paginate-graphql": "^5.2.4", "@octokit/plugin-paginate-rest": "^12.0.0", "@octokit/plugin-rest-endpoint-methods": "^14.0.0", "@octokit/plugin-retry": "^7.2.1", "@octokit/plugin-throttling": "^10.0.0", "@octokit/request-error": "^6.1.8", "@octokit/types": "^14.0.0", "@octokit/webhooks": "^13.8.3" } }, "sha512-cRvxRte6FU3vAHRC9+PMSY3D+mRAs2Rd9emMoqp70UGRvJRM3sbAoim2IXRZNNsf8wVfn4sGxVBHRAP+JBVX/g=="],

    "toad-cache": ["toad-cache@3.7.0", "", {}, "sha512-/m8M+2BJUpoJdgAHoG+baCwBT+tf2VraSfkBgl0Y00qIWt41DJ8R5B8nsEw0I58YwF5IZH6z24/2TobDKnqSWw=="],

    "typescript": ["typescript@5.9.3", "", { "bin": { "tsc": "bin/tsc", "tsserver": "bin/tsserver" } }, "sha512-jl1vZzPDinLr9eUt3J/t7V6FgNEw9QjvBPdysz9KfQDD41fQrC2Y4vKQdiaUpFT4bXlb1RHhLpp8wtm6M5TgSw=="],

    "undici-types": ["undici-types@6.21.0", "", {}, "sha512-iwDZqg0QAGrg9Rav5H4n0M64c3mkR59cJ6wQp+7C4nI0gsmExaedaYLNO44eT4AtBBwjbTiGPMlt2Md0T9H9JQ=="],

    "universal-github-app-jwt": ["universal-github-app-jwt@2.2.2", "", {}, "sha512-dcmbeSrOdTnsjGjUfAlqNDJrhxXizjAz94ija9Qw8YkZ1uu0d+GoZzyH+Jb9tIIqvGsadUfwg+22k5aDqqwzbw=="],

    "universal-user-agent": ["universal-user-agent@7.0.3", "", {}, "sha512-TmnEAEAsBJVZM/AADELsK76llnwcf9vMKuPz8JflO1frO8Lchitr0fNaN9d+Ap0BjKtqWqd/J17qeDnXh8CL2A=="],

    "yaml": ["yaml@2.8.1", "", { "bin": { "yaml": "bin.mjs" } }, "sha512-lcYcMxX2PO9XMGvAJkJ3OsNMw+/7FKes7/hgerGUYWIoWu5j/+YQqcZr5JnPZWzOsEBgMbSbiSTn/dv/69Mkpw=="],

    "zod": ["zod@3.25.76", "", {}, "sha512-gzUt/qt81nXsFGKIFcC3YnfEAx5NkunCfnDlvuBSSFS02bcXu4Lmea0AFIUwbLWxWPx3d9p8S5QoaujKcNQxcQ=="],

    "@ai-sdk/gateway/@ai-sdk/provider-utils": ["@ai-sdk/provider-utils@3.0.11", "", { "dependencies": { "@ai-sdk/provider": "2.0.0", "@standard-schema/spec": "^1.0.0", "eventsource-parser": "^3.0.5" }, "peerDependencies": { "zod": "^3.25.76 || ^4.1.8" } }, "sha512-4hgHj89VqyOHzGaV85TkcgvO8WjecVF35TOUVg+C56vnzpWSgdIZu/ZWZNdZ6BTrv8y0N1toBWW7XcWiRRicLg=="],

    "ai/@ai-sdk/provider-utils": ["@ai-sdk/provider-utils@3.0.11", "", { "dependencies": { "@ai-sdk/provider": "2.0.0", "@standard-schema/spec": "^1.0.0", "eventsource-parser": "^3.0.5" }, "peerDependencies": { "zod": "^3.25.76 || ^4.1.8" } }, "sha512-4hgHj89VqyOHzGaV85TkcgvO8WjecVF35TOUVg+C56vnzpWSgdIZu/ZWZNdZ6BTrv8y0N1toBWW7XcWiRRicLg=="],
  }
}
